
Microsoft Visual Studio Solution File, Format Version 10.00
# Visual Studio 2008
Project("{8BC9CEB8-8B4A-11D0-8D11-00A0C91BC942}") = "neolib", "neolib.vcproj", "{E5C03A79-7711-45E5-89E8-0C227F448787}"
EndProject
Project("{8BC9CEB8-8B4A-11D0-8D11-00A0C91BC942}") = "neolib_nossl", "neolib_nossl\neolib_nossl.vcproj", "{7DEB789E-53DA-42F1-BD0C-EB6A51A3C1DE}"
EndProject
Global
	GlobalSection(SolutionConfigurationPlatforms) = preSolution
		Debug|Win32 = Debug|Win32
		Release|Win32 = Release|Win32
	EndGlobalSection
	GlobalSection(ProjectConfigurationPlatforms) = postSolution
		{E5C03A79-7711-45E5-89E8-0C227F448787}.Debug|Win32.ActiveCfg = Debug|Win32
		{E5C03A79-7711-45E5-89E8-0C227F448787}.Debug|Win32.Build.0 = Debug|Win32
		{E5C03A79-7711-45E5-89E8-0C227F448787}.Release|Win32.ActiveCfg = Release|Win32
		{E5C03A79-7711-45E5-89E8-0C227F448787}.Release|Win32.Build.0 = Release|Win32
		{7DEB789E-53DA-42F1-BD0C-EB6A51A3C1DE}.Debug|Win32.ActiveCfg = Debug|Win32
		{7DEB789E-53DA-42F1-BD0C-EB6A51A3C1DE}.Debug|Win32.Build.0 = Debug|Win32
		{7DEB789E-53DA-42F1-BD0C-EB6A51A3C1DE}.Release|Win32.ActiveCfg = Release|Win32
		{7DEB789E-53DA-42F1-BD0C-EB6A51A3C1DE}.Release|Win32.Build.0 = Release|Win32
	EndGlobalSection
	GlobalSection(SolutionProperties) = preSolution
		HideSolutionNode = FALSE
	EndGlobalSection
EndGlobal
