
Microsoft Visual Studio Solution File, Format Version 12.00
# Visual Studio Version 16
VisualStudioVersion = 16.0.29728.190
MinimumVisualStudioVersion = 10.0.40219.1
Project("{8BC9CEB8-8B4A-11D0-8D11-00A0C91BC942}") = "Containers", "Containers.vcxproj", "{0100F2FC-7E5D-4C80-BA15-C9B486711D03}"
EndProject
Project("{8BC9CEB8-8B4A-11D0-8D11-00A0C91BC942}") = "neolib", "..\..\build\win32\vs2019\neolib.vcxproj", "{5BE004BF-A083-422F-8287-E7238B633466}"
EndProject
Global
	GlobalSection(SolutionConfigurationPlatforms) = preSolution
		Debug|x64 = Debug|x64
		Debug|x86 = Debug|x86
		Release|x64 = Release|x64
		Release|x86 = Release|x86
		Tools - Debug|x64 = Tools - Debug|x64
		Tools - Debug|x86 = Tools - Debug|x86
		Tools_Debug|x64 = Tools_Debug|x64
		Tools_Debug|x86 = Tools_Debug|x86
		Tools|x64 = Tools|x64
		Tools|x86 = Tools|x86
	EndGlobalSection
	GlobalSection(ProjectConfigurationPlatforms) = postSolution
		{0100F2FC-7E5D-4C80-BA15-C9B486711D03}.Debug|x64.ActiveCfg = Debug|x64
		{0100F2FC-7E5D-4C80-BA15-C9B486711D03}.Debug|x64.Build.0 = Debug|x64
		{0100F2FC-7E5D-4C80-BA15-C9B486711D03}.Debug|x86.ActiveCfg = Debug|x64
		{0100F2FC-7E5D-4C80-BA15-C9B486711D03}.Debug|x86.Build.0 = Debug|x64
		{0100F2FC-7E5D-4C80-BA15-C9B486711D03}.Release|x64.ActiveCfg = Release|x64
		{0100F2FC-7E5D-4C80-BA15-C9B486711D03}.Release|x64.Build.0 = Release|x64
		{0100F2FC-7E5D-4C80-BA15-C9B486711D03}.Release|x86.ActiveCfg = Release|x64
		{0100F2FC-7E5D-4C80-BA15-C9B486711D03}.Tools - Debug|x64.ActiveCfg = Debug|x64
		{0100F2FC-7E5D-4C80-BA15-C9B486711D03}.Tools - Debug|x64.Build.0 = Debug|x64
		{0100F2FC-7E5D-4C80-BA15-C9B486711D03}.Tools - Debug|x86.ActiveCfg = Debug|Win32
		{0100F2FC-7E5D-4C80-BA15-C9B486711D03}.Tools - Debug|x86.Build.0 = Debug|Win32
		{0100F2FC-7E5D-4C80-BA15-C9B486711D03}.Tools_Debug|x64.ActiveCfg = Debug|x64
		{0100F2FC-7E5D-4C80-BA15-C9B486711D03}.Tools_Debug|x64.Build.0 = Debug|x64
		{0100F2FC-7E5D-4C80-BA15-C9B486711D03}.Tools_Debug|x86.ActiveCfg = Debug|Win32
		{0100F2FC-7E5D-4C80-BA15-C9B486711D03}.Tools_Debug|x86.Build.0 = Debug|Win32
		{0100F2FC-7E5D-4C80-BA15-C9B486711D03}.Tools|x64.ActiveCfg = Release|x64
		{0100F2FC-7E5D-4C80-BA15-C9B486711D03}.Tools|x64.Build.0 = Release|x64
		{0100F2FC-7E5D-4C80-BA15-C9B486711D03}.Tools|x86.ActiveCfg = Debug|Win32
		{0100F2FC-7E5D-4C80-BA15-C9B486711D03}.Tools|x86.Build.0 = Debug|Win32
		{5BE004BF-A083-422F-8287-E7238B633466}.Debug|x64.ActiveCfg = Debug|x64
		{5BE004BF-A083-422F-8287-E7238B633466}.Debug|x64.Build.0 = Debug|x64
		{5BE004BF-A083-422F-8287-E7238B633466}.Debug|x86.ActiveCfg = Debug|x64
		{5BE004BF-A083-422F-8287-E7238B633466}.Release|x64.ActiveCfg = Release|x64
		{5BE004BF-A083-422F-8287-E7238B633466}.Release|x64.Build.0 = Release|x64
		{5BE004BF-A083-422F-8287-E7238B633466}.Release|x86.ActiveCfg = Release|x64
		{5BE004BF-A083-422F-8287-E7238B633466}.Tools - Debug|x64.ActiveCfg = Tools - Debug|x64
		{5BE004BF-A083-422F-8287-E7238B633466}.Tools - Debug|x64.Build.0 = Tools - Debug|x64
		{5BE004BF-A083-422F-8287-E7238B633466}.Tools - Debug|x86.ActiveCfg = Tools - Debug|x64
		{5BE004BF-A083-422F-8287-E7238B633466}.Tools_Debug|x64.ActiveCfg = Tools_Debug|x64
		{5BE004BF-A083-422F-8287-E7238B633466}.Tools_Debug|x64.Build.0 = Tools_Debug|x64
		{5BE004BF-A083-422F-8287-E7238B633466}.Tools_Debug|x86.ActiveCfg = Tools_Debug|x64
		{5BE004BF-A083-422F-8287-E7238B633466}.Tools|x64.ActiveCfg = Tools|x64
		{5BE004BF-A083-422F-8287-E7238B633466}.Tools|x64.Build.0 = Tools|x64
		{5BE004BF-A083-422F-8287-E7238B633466}.Tools|x86.ActiveCfg = Tools|x64
	EndGlobalSection
	GlobalSection(SolutionProperties) = preSolution
		HideSolutionNode = FALSE
	EndGlobalSection
	GlobalSection(ExtensibilityGlobals) = postSolution
		SolutionGuid = {F556E353-232B-433C-83AD-B7A9DBAC5500}
	EndGlobalSection
EndGlobal
